{
  "nodes": {
    "nixpkgs": {
      "locked": {
        "lastModified": 1747696584,
        "narHash": "sha256-TvJjbLlQ5aAHS3ZdP8mztNs28cMGWdT3J9g/6li3/4I=",
        "owner": "NixOS",
        "repo": "nixpkgs",
        "rev": "359c442b7d1f6229c1dc978116d32d6c07fe8440",
        "type": "github"
      },
      "original": {
        "owner": "NixOS",
        "ref": "nixpkgs-unstable",
        "repo": "nixpkgs",
        "type": "github"
      }
    },
    "root": {
      "inputs": {
        "nixpkgs": "nixpkgs",
        "zmk-nix": "zmk-nix"
      }
    },
    "zmk-nix": {
      "inputs": {
        "nixpkgs": [
          "nixpkgs"
        ]
      },
      "locked": {
        "lastModified": 1747528832,
        "narHash": "sha256-sydCidbWxJDx+TF7VKTzn4uG6GvP7kDKZP3WlLaHEeA=",
        "owner": "lilyinstarlight",
        "repo": "zmk-nix",
        "rev": "2afc36d9db3e742164d636faf3daf395d7337fbe",
        "type": "github"
      },
      "original": {
        "owner": "lilyinstarlight",
        "repo": "zmk-nix",
        "type": "github"
      }
    }
  },
  "root": "root",
  "version": 7
}
